
Microsoft Visual Studio Solution File, Format Version 12.00
# Visual Studio Version 17
VisualStudioVersion = 17.13.35931.197 d17.13
MinimumVisualStudioVersion = 10.0.40219.1
Project("{FAE04EC0-301F-11D3-BF4B-00C04F79EFBC}") = "06_tabuada", "06_tabuada.csproj", "{7D0986F6-EC4D-409A-AB0C-935108A33870}"
EndProject
Global
	GlobalSection(SolutionConfigurationPlatforms) = preSolution
		Debug|Any CPU = Debug|Any CPU
		Release|Any CPU = Release|Any CPU
	EndGlobalSection
	GlobalSection(ProjectConfigurationPlatforms) = postSolution
		{7D0986F6-EC4D-409A-AB0C-935108A33870}.Debug|Any CPU.ActiveCfg = Debug|Any CPU
		{7D0986F6-EC4D-409A-AB0C-935108A33870}.Debug|Any CPU.Build.0 = Debug|Any CPU
		{7D0986F6-EC4D-409A-AB0C-935108A33870}.Release|Any CPU.ActiveCfg = Release|Any CPU
		{7D0986F6-EC4D-409A-AB0C-935108A33870}.Release|Any CPU.Build.0 = Release|Any CPU
	EndGlobalSection
	GlobalSection(SolutionProperties) = preSolution
		HideSolutionNode = FALSE
	EndGlobalSection
	GlobalSection(ExtensibilityGlobals) = postSolution
		SolutionGuid = {81B51F43-7CF9-4518-B65B-04AC20EFDF37}
	EndGlobalSection
EndGlobal
