
Microsoft Visual Studio Solution File, Format Version 12.00
# Visual Studio Version 17
VisualStudioVersion = 17.13.35931.197 d17.13
MinimumVisualStudioVersion = 10.0.40219.1
Project("{FAE04EC0-301F-11D3-BF4B-00C04F79EFBC}") = "01_DeclaracaoClasse", "01_DeclaracaoClasse.csproj", "{D2E5FE66-9626-4912-9A72-37202B1CF962}"
EndProject
Global
	GlobalSection(SolutionConfigurationPlatforms) = preSolution
		Debug|Any CPU = Debug|Any CPU
		Release|Any CPU = Release|Any CPU
	EndGlobalSection
	GlobalSection(ProjectConfigurationPlatforms) = postSolution
		{D2E5FE66-9626-4912-9A72-37202B1CF962}.Debug|Any CPU.ActiveCfg = Debug|Any CPU
		{D2E5FE66-9626-4912-9A72-37202B1CF962}.Debug|Any CPU.Build.0 = Debug|Any CPU
		{D2E5FE66-9626-4912-9A72-37202B1CF962}.Release|Any CPU.ActiveCfg = Release|Any CPU
		{D2E5FE66-9626-4912-9A72-37202B1CF962}.Release|Any CPU.Build.0 = Release|Any CPU
	EndGlobalSection
	GlobalSection(SolutionProperties) = preSolution
		HideSolutionNode = FALSE
	EndGlobalSection
	GlobalSection(ExtensibilityGlobals) = postSolution
		SolutionGuid = {D13B0CC1-F761-4246-8B73-0CE76806AC29}
	EndGlobalSection
EndGlobal
